// !$*UTF8*$!
{
	archiveVersion = 1;
	classes = {
	};
	objectVersion = 56;
	objects = {

/* Begin PBXBuildFile section */
		210E666D29CDEB41005219F1 /* AI_API_ExplorerApp.swift in Sources */ = {isa = PBXBuildFile; fileRef = 210E666C29CDEB41005219F1 /* AI_API_ExplorerApp.swift */; };
		210E666F29CDEB41005219F1 /* ContentView.swift in Sources */ = {isa = PBXBuildFile; fileRef = 210E666E29CDEB41005219F1 /* ContentView.swift */; };
		210E667129CDEB42005219F1 /* Assets.xcassets in Resources */ = {isa = PBXBuildFile; fileRef = 210E667029CDEB42005219F1 /* Assets.xcassets */; };
		210E667529CDEB42005219F1 /* Preview Assets.xcassets in Resources */ = {isa = PBXBuildFile; fileRef = 210E667429CDEB42005219F1 /* Preview Assets.xcassets */; };
		210E667F29CDEB42005219F1 /* AI_API_ExplorerTests.swift in Sources */ = {isa = PBXBuildFile; fileRef = 210E667E29CDEB42005219F1 /* AI_API_ExplorerTests.swift */; };
		210E668929CDEB42005219F1 /* AI_API_ExplorerUITests.swift in Sources */ = {isa = PBXBuildFile; fileRef = 210E668829CDEB42005219F1 /* AI_API_ExplorerUITests.swift */; };
		210E668B29CDEB42005219F1 /* AI_API_ExplorerUITestsLaunchTests.swift in Sources */ = {isa = PBXBuildFile; fileRef = 210E668A29CDEB42005219F1 /* AI_API_ExplorerUITestsLaunchTests.swift */; };
		210E669829CDEFE3005219F1 /* DetailView.swift in Sources */ = {isa = PBXBuildFile; fileRef = 210E669729CDEFE3005219F1 /* DetailView.swift */; };
		210E669C29CF60B0005219F1 /* SearchAndDetailView.swift in Sources */ = {isa = PBXBuildFile; fileRef = 210E669B29CF60B0005219F1 /* SearchAndDetailView.swift */; };
		210E66A129D1DBF0005219F1 /* TextCompletion.swift in Sources */ = {isa = PBXBuildFile; fileRef = 210E66A029D1DBF0005219F1 /* TextCompletion.swift */; };
		210E66A329D1DF07005219F1 /* TextCompletionRepository.swift in Sources */ = {isa = PBXBuildFile; fileRef = 210E66A229D1DF07005219F1 /* TextCompletionRepository.swift */; };
		210E66B329D22A44005219F1 /* HTTPScheme.swift in Sources */ = {isa = PBXBuildFile; fileRef = 210E66AE29D22A44005219F1 /* HTTPScheme.swift */; };
		210E66B429D22A44005219F1 /* API.swift in Sources */ = {isa = PBXBuildFile; fileRef = 210E66AF29D22A44005219F1 /* API.swift */; };
		210E66B529D22A44005219F1 /* NetworkManager.swift in Sources */ = {isa = PBXBuildFile; fileRef = 210E66B029D22A44005219F1 /* NetworkManager.swift */; };
		210E66B629D22A44005219F1 /* HTTPMethod.swift in Sources */ = {isa = PBXBuildFile; fileRef = 210E66B129D22A44005219F1 /* HTTPMethod.swift */; };
		210E66B729D22A44005219F1 /* OpenAIAPI.swift in Sources */ = {isa = PBXBuildFile; fileRef = 210E66B229D22A44005219F1 /* OpenAIAPI.swift */; };
		21160FA629D44FAA00816BE4 /* OpenAISecret.swift in Sources */ = {isa = PBXBuildFile; fileRef = 21160FA529D44FAA00816BE4 /* OpenAISecret.swift */; };
/* End PBXBuildFile section */

/* Begin PBXContainerItemProxy section */
		210E667B29CDEB42005219F1 /* PBXContainerItemProxy */ = {
			isa = PBXContainerItemProxy;
			containerPortal = 210E666129CDEB41005219F1 /* Project object */;
			proxyType = 1;
			remoteGlobalIDString = 210E666829CDEB41005219F1;
			remoteInfo = "AI-API-Explorer";
		};
		210E668529CDEB42005219F1 /* PBXContainerItemProxy */ = {
			isa = PBXContainerItemProxy;
			containerPortal = 210E666129CDEB41005219F1 /* Project object */;
			proxyType = 1;
			remoteGlobalIDString = 210E666829CDEB41005219F1;
			remoteInfo = "AI-API-Explorer";
		};
/* End PBXContainerItemProxy section */

/* Begin PBXFileReference section */
		210E666929CDEB41005219F1 /* AI-API-Explorer.app */ = {isa = PBXFileReference; explicitFileType = wrapper.application; includeInIndex = 0; path = "AI-API-Explorer.app"; sourceTree = BUILT_PRODUCTS_DIR; };
		210E666C29CDEB41005219F1 /* AI_API_ExplorerApp.swift */ = {isa = PBXFileReference; lastKnownFileType = sourcecode.swift; path = AI_API_ExplorerApp.swift; sourceTree = "<group>"; };
		210E666E29CDEB41005219F1 /* ContentView.swift */ = {isa = PBXFileReference; lastKnownFileType = sourcecode.swift; path = ContentView.swift; sourceTree = "<group>"; };
		210E667029CDEB42005219F1 /* Assets.xcassets */ = {isa = PBXFileReference; lastKnownFileType = folder.assetcatalog; path = Assets.xcassets; sourceTree = "<group>"; };
		210E667229CDEB42005219F1 /* AI_API_Explorer.entitlements */ = {isa = PBXFileReference; lastKnownFileType = text.plist.entitlements; path = AI_API_Explorer.entitlements; sourceTree = "<group>"; };
		210E667429CDEB42005219F1 /* Preview Assets.xcassets */ = {isa = PBXFileReference; lastKnownFileType = folder.assetcatalog; path = "Preview Assets.xcassets"; sourceTree = "<group>"; };
		210E667A29CDEB42005219F1 /* AI-API-ExplorerTests.xctest */ = {isa = PBXFileReference; explicitFileType = wrapper.cfbundle; includeInIndex = 0; path = "AI-API-ExplorerTests.xctest"; sourceTree = BUILT_PRODUCTS_DIR; };
		210E667E29CDEB42005219F1 /* AI_API_ExplorerTests.swift */ = {isa = PBXFileReference; lastKnownFileType = sourcecode.swift; path = AI_API_ExplorerTests.swift; sourceTree = "<group>"; };
		210E668429CDEB42005219F1 /* AI-API-ExplorerUITests.xctest */ = {isa = PBXFileReference; explicitFileType = wrapper.cfbundle; includeInIndex = 0; path = "AI-API-ExplorerUITests.xctest"; sourceTree = BUILT_PRODUCTS_DIR; };
		210E668829CDEB42005219F1 /* AI_API_ExplorerUITests.swift */ = {isa = PBXFileReference; lastKnownFileType = sourcecode.swift; path = AI_API_ExplorerUITests.swift; sourceTree = "<group>"; };
		210E668A29CDEB42005219F1 /* AI_API_ExplorerUITestsLaunchTests.swift */ = {isa = PBXFileReference; lastKnownFileType = sourcecode.swift; path = AI_API_ExplorerUITestsLaunchTests.swift; sourceTree = "<group>"; };
		210E669729CDEFE3005219F1 /* DetailView.swift */ = {isa = PBXFileReference; lastKnownFileType = sourcecode.swift; path = DetailView.swift; sourceTree = "<group>"; };
		210E669B29CF60B0005219F1 /* SearchAndDetailView.swift */ = {isa = PBXFileReference; lastKnownFileType = sourcecode.swift; path = SearchAndDetailView.swift; sourceTree = "<group>"; };
		210E66A029D1DBF0005219F1 /* TextCompletion.swift */ = {isa = PBXFileReference; lastKnownFileType = sourcecode.swift; path = TextCompletion.swift; sourceTree = "<group>"; };
		210E66A229D1DF07005219F1 /* TextCompletionRepository.swift */ = {isa = PBXFileReference; lastKnownFileType = sourcecode.swift; path = TextCompletionRepository.swift; sourceTree = "<group>"; };
		210E66AE29D22A44005219F1 /* HTTPScheme.swift */ = {isa = PBXFileReference; fileEncoding = 4; lastKnownFileType = sourcecode.swift; path = HTTPScheme.swift; sourceTree = "<group>"; };
		210E66AF29D22A44005219F1 /* API.swift */ = {isa = PBXFileReference; fileEncoding = 4; lastKnownFileType = sourcecode.swift; path = API.swift; sourceTree = "<group>"; };
		210E66B029D22A44005219F1 /* NetworkManager.swift */ = {isa = PBXFileReference; fileEncoding = 4; lastKnownFileType = sourcecode.swift; path = NetworkManager.swift; sourceTree = "<group>"; };
		210E66B129D22A44005219F1 /* HTTPMethod.swift */ = {isa = PBXFileReference; fileEncoding = 4; lastKnownFileType = sourcecode.swift; path = HTTPMethod.swift; sourceTree = "<group>"; };
		210E66B229D22A44005219F1 /* OpenAIAPI.swift */ = {isa = PBXFileReference; fileEncoding = 4; lastKnownFileType = sourcecode.swift; path = OpenAIAPI.swift; sourceTree = "<group>"; };
		21160FA529D44FAA00816BE4 /* OpenAISecret.swift */ = {isa = PBXFileReference; fileEncoding = 4; lastKnownFileType = sourcecode.swift; name = OpenAISecret.swift; path = ../../OpenAISecret.swift; sourceTree = "<group>"; };
/* End PBXFileReference section */

/* Begin PBXFrameworksBuildPhase section */
		210E666629CDEB41005219F1 /* Frameworks */ = {
			isa = PBXFrameworksBuildPhase;
			buildActionMask = 2147483647;
			files = (
			);
			runOnlyForDeploymentPostprocessing = 0;
		};
		210E667729CDEB42005219F1 /* Frameworks */ = {
			isa = PBXFrameworksBuildPhase;
			buildActionMask = 2147483647;
			files = (
			);
			runOnlyForDeploymentPostprocessing = 0;
		};
		210E668129CDEB42005219F1 /* Frameworks */ = {
			isa = PBXFrameworksBuildPhase;
			buildActionMask = 2147483647;
			files = (
			);
			runOnlyForDeploymentPostprocessing = 0;
		};
/* End PBXFrameworksBuildPhase section */

/* Begin PBXGroup section */
		210E666029CDEB41005219F1 = {
			isa = PBXGroup;
			children = (
				210E666B29CDEB41005219F1 /* AI-API-Explorer */,
				210E667D29CDEB42005219F1 /* AI-API-ExplorerTests */,
				210E668729CDEB42005219F1 /* AI-API-ExplorerUITests */,
				210E666A29CDEB41005219F1 /* Products */,
			);
			sourceTree = "<group>";
		};
		210E666A29CDEB41005219F1 /* Products */ = {
			isa = PBXGroup;
			children = (
				210E666929CDEB41005219F1 /* AI-API-Explorer.app */,
				210E667A29CDEB42005219F1 /* AI-API-ExplorerTests.xctest */,
				210E668429CDEB42005219F1 /* AI-API-ExplorerUITests.xctest */,
			);
			name = Products;
			sourceTree = "<group>";
		};
		210E666B29CDEB41005219F1 /* AI-API-Explorer */ = {
			isa = PBXGroup;
			children = (
				21160FA529D44FAA00816BE4 /* OpenAISecret.swift */,
				210E669F29D1DBE5005219F1 /* Model */,
				210E669E29CF6A06005219F1 /* Networking */,
				210E669D29CF69F8005219F1 /* Views */,
				210E666C29CDEB41005219F1 /* AI_API_ExplorerApp.swift */,
				210E667029CDEB42005219F1 /* Assets.xcassets */,
				210E667229CDEB42005219F1 /* AI_API_Explorer.entitlements */,
				210E667329CDEB42005219F1 /* Preview Content */,
			);
			path = "AI-API-Explorer";
			sourceTree = "<group>";
		};
		210E667329CDEB42005219F1 /* Preview Content */ = {
			isa = PBXGroup;
			children = (
				210E667429CDEB42005219F1 /* Preview Assets.xcassets */,
			);
			path = "Preview Content";
			sourceTree = "<group>";
		};
		210E667D29CDEB42005219F1 /* AI-API-ExplorerTests */ = {
			isa = PBXGroup;
			children = (
				210E667E29CDEB42005219F1 /* AI_API_ExplorerTests.swift */,
			);
			path = "AI-API-ExplorerTests";
			sourceTree = "<group>";
		};
		210E668729CDEB42005219F1 /* AI-API-ExplorerUITests */ = {
			isa = PBXGroup;
			children = (
				210E668829CDEB42005219F1 /* AI_API_ExplorerUITests.swift */,
				210E668A29CDEB42005219F1 /* AI_API_ExplorerUITestsLaunchTests.swift */,
			);
			path = "AI-API-ExplorerUITests";
			sourceTree = "<group>";
		};
		210E669D29CF69F8005219F1 /* Views */ = {
			isa = PBXGroup;
			children = (
				210E666E29CDEB41005219F1 /* ContentView.swift */,
				210E669729CDEFE3005219F1 /* DetailView.swift */,
				210E669B29CF60B0005219F1 /* SearchAndDetailView.swift */,
			);
			path = Views;
			sourceTree = "<group>";
		};
		210E669E29CF6A06005219F1 /* Networking */ = {
			isa = PBXGroup;
			children = (
				210E66AF29D22A44005219F1 /* API.swift */,
				210E66B129D22A44005219F1 /* HTTPMethod.swift */,
				210E66AE29D22A44005219F1 /* HTTPScheme.swift */,
				210E66B029D22A44005219F1 /* NetworkManager.swift */,
				210E66B229D22A44005219F1 /* OpenAIAPI.swift */,
				210E66A229D1DF07005219F1 /* TextCompletionRepository.swift */,
			);
			path = Networking;
			sourceTree = "<group>";
		};
		210E669F29D1DBE5005219F1 /* Model */ = {
			isa = PBXGroup;
			children = (
				210E66A029D1DBF0005219F1 /* TextCompletion.swift */,
			);
			path = Model;
			sourceTree = "<group>";
		};
/* End PBXGroup section */

/* Begin PBXNativeTarget section */
		210E666829CDEB41005219F1 /* AI-API-Explorer */ = {
			isa = PBXNativeTarget;
			buildConfigurationList = 210E668E29CDEB42005219F1 /* Build configuration list for PBXNativeTarget "AI-API-Explorer" */;
			buildPhases = (
				210E666529CDEB41005219F1 /* Sources */,
				210E666629CDEB41005219F1 /* Frameworks */,
				210E666729CDEB41005219F1 /* Resources */,
			);
			buildRules = (
			);
			dependencies = (
			);
			name = "AI-API-Explorer";
			productName = "AI-API-Explorer";
			productReference = 210E666929CDEB41005219F1 /* AI-API-Explorer.app */;
			productType = "com.apple.product-type.application";
		};
		210E667929CDEB42005219F1 /* AI-API-ExplorerTests */ = {
			isa = PBXNativeTarget;
			buildConfigurationList = 210E669129CDEB42005219F1 /* Build configuration list for PBXNativeTarget "AI-API-ExplorerTests" */;
			buildPhases = (
				210E667629CDEB42005219F1 /* Sources */,
				210E667729CDEB42005219F1 /* Frameworks */,
				210E667829CDEB42005219F1 /* Resources */,
			);
			buildRules = (
			);
			dependencies = (
				210E667C29CDEB42005219F1 /* PBXTargetDependency */,
			);
			name = "AI-API-ExplorerTests";
			productName = "AI-API-ExplorerTests";
			productReference = 210E667A29CDEB42005219F1 /* AI-API-ExplorerTests.xctest */;
			productType = "com.apple.product-type.bundle.unit-test";
		};
		210E668329CDEB42005219F1 /* AI-API-ExplorerUITests */ = {
			isa = PBXNativeTarget;
			buildConfigurationList = 210E669429CDEB42005219F1 /* Build configuration list for PBXNativeTarget "AI-API-ExplorerUITests" */;
			buildPhases = (
				210E668029CDEB42005219F1 /* Sources */,
				210E668129CDEB42005219F1 /* Frameworks */,
				210E668229CDEB42005219F1 /* Resources */,
			);
			buildRules = (
			);
			dependencies = (
				210E668629CDEB42005219F1 /* PBXTargetDependency */,
			);
			name = "AI-API-ExplorerUITests";
			productName = "AI-API-ExplorerUITests";
			productReference = 210E668429CDEB42005219F1 /* AI-API-ExplorerUITests.xctest */;
			productType = "com.apple.product-type.bundle.ui-testing";
		};
/* End PBXNativeTarget section */

/* Begin PBXProject section */
		210E666129CDEB41005219F1 /* Project object */ = {
			isa = PBXProject;
			attributes = {
				BuildIndependentTargetsInParallel = 1;
				LastSwiftUpdateCheck = 1420;
				LastUpgradeCheck = 1420;
				TargetAttributes = {
					210E666829CDEB41005219F1 = {
						CreatedOnToolsVersion = 14.2;
					};
					210E667929CDEB42005219F1 = {
						CreatedOnToolsVersion = 14.2;
						TestTargetID = 210E666829CDEB41005219F1;
					};
					210E668329CDEB42005219F1 = {
						CreatedOnToolsVersion = 14.2;
						TestTargetID = 210E666829CDEB41005219F1;
					};
				};
			};
			buildConfigurationList = 210E666429CDEB41005219F1 /* Build configuration list for PBXProject "AI-API-Explorer" */;
			compatibilityVersion = "Xcode 14.0";
			developmentRegion = en;
			hasScannedForEncodings = 0;
			knownRegions = (
				en,
				Base,
			);
			mainGroup = 210E666029CDEB41005219F1;
			productRefGroup = 210E666A29CDEB41005219F1 /* Products */;
			projectDirPath = "";
			projectRoot = "";
			targets = (
				210E666829CDEB41005219F1 /* AI-API-Explorer */,
				210E667929CDEB42005219F1 /* AI-API-ExplorerTests */,
				210E668329CDEB42005219F1 /* AI-API-ExplorerUITests */,
			);
		};
/* End PBXProject section */

/* Begin PBXResourcesBuildPhase section */
		210E666729CDEB41005219F1 /* Resources */ = {
			isa = PBXResourcesBuildPhase;
			buildActionMask = 2147483647;
			files = (
				210E667529CDEB42005219F1 /* Preview Assets.xcassets in Resources */,
				210E667129CDEB42005219F1 /* Assets.xcassets in Resources */,
			);
			runOnlyForDeploymentPostprocessing = 0;
		};
		210E667829CDEB42005219F1 /* Resources */ = {
			isa = PBXResourcesBuildPhase;
			buildActionMask = 2147483647;
			files = (
			);
			runOnlyForDeploymentPostprocessing = 0;
		};
		210E668229CDEB42005219F1 /* Resources */ = {
			isa = PBXResourcesBuildPhase;
			buildActionMask = 2147483647;
			files = (
			);
			runOnlyForDeploymentPostprocessing = 0;
		};
/* End PBXResourcesBuildPhase section */

/* Begin PBXSourcesBuildPhase section */
		210E666529CDEB41005219F1 /* Sources */ = {
			isa = PBXSourcesBuildPhase;
			buildActionMask = 2147483647;
			files = (
				210E66B529D22A44005219F1 /* NetworkManager.swift in Sources */,
				210E66A329D1DF07005219F1 /* TextCompletionRepository.swift in Sources */,
				210E666F29CDEB41005219F1 /* ContentView.swift in Sources */,
				21160FA629D44FAA00816BE4 /* OpenAISecret.swift in Sources */,
				210E66A129D1DBF0005219F1 /* TextCompletion.swift in Sources */,
				210E66B329D22A44005219F1 /* HTTPScheme.swift in Sources */,
				210E669829CDEFE3005219F1 /* DetailView.swift in Sources */,
				210E669C29CF60B0005219F1 /* SearchAndDetailView.swift in Sources */,
				210E66B429D22A44005219F1 /* API.swift in Sources */,
				210E66B729D22A44005219F1 /* OpenAIAPI.swift in Sources */,
				210E66B629D22A44005219F1 /* HTTPMethod.swift in Sources */,
				210E666D29CDEB41005219F1 /* AI_API_ExplorerApp.swift in Sources */,
			);
			runOnlyForDeploymentPostprocessing = 0;
		};
		210E667629CDEB42005219F1 /* Sources */ = {
			isa = PBXSourcesBuildPhase;
			buildActionMask = 2147483647;
			files = (
				210E667F29CDEB42005219F1 /* AI_API_ExplorerTests.swift in Sources */,
			);
			runOnlyForDeploymentPostprocessing = 0;
		};
		210E668029CDEB42005219F1 /* Sources */ = {
			isa = PBXSourcesBuildPhase;
			buildActionMask = 2147483647;
			files = (
				210E668B29CDEB42005219F1 /* AI_API_ExplorerUITestsLaunchTests.swift in Sources */,
				210E668929CDEB42005219F1 /* AI_API_ExplorerUITests.swift in Sources */,
			);
			runOnlyForDeploymentPostprocessing = 0;
		};
/* End PBXSourcesBuildPhase section */

/* Begin PBXTargetDependency section */
		210E667C29CDEB42005219F1 /* PBXTargetDependency */ = {
			isa = PBXTargetDependency;
			target = 210E666829CDEB41005219F1 /* AI-API-Explorer */;
			targetProxy = 210E667B29CDEB42005219F1 /* PBXContainerItemProxy */;
		};
		210E668629CDEB42005219F1 /* PBXTargetDependency */ = {
			isa = PBXTargetDependency;
			target = 210E666829CDEB41005219F1 /* AI-API-Explorer */;
			targetProxy = 210E668529CDEB42005219F1 /* PBXContainerItemProxy */;
		};
/* End PBXTargetDependency section */

/* Begin XCBuildConfiguration section */
		210E668C29CDEB42005219F1 /* Debug */ = {
			isa = XCBuildConfiguration;
			buildSettings = {
				ALWAYS_SEARCH_USER_PATHS = NO;
				CLANG_ANALYZER_NONNULL = YES;
				CLANG_ANALYZER_NUMBER_OBJECT_CONVERSION = YES_AGGRESSIVE;
				CLANG_CXX_LANGUAGE_STANDARD = "gnu++20";
				CLANG_ENABLE_MODULES = YES;
				CLANG_ENABLE_OBJC_ARC = YES;
				CLANG_ENABLE_OBJC_WEAK = YES;
				CLANG_WARN_BLOCK_CAPTURE_AUTORELEASING = YES;
				CLANG_WARN_BOOL_CONVERSION = YES;
				CLANG_WARN_COMMA = YES;
				CLANG_WARN_CONSTANT_CONVERSION = YES;
				CLANG_WARN_DEPRECATED_OBJC_IMPLEMENTATIONS = YES;
				CLANG_WARN_DIRECT_OBJC_ISA_USAGE = YES_ERROR;
				CLANG_WARN_DOCUMENTATION_COMMENTS = YES;
				CLANG_WARN_EMPTY_BODY = YES;
				CLANG_WARN_ENUM_CONVERSION = YES;
				CLANG_WARN_INFINITE_RECURSION = YES;
				CLANG_WARN_INT_CONVERSION = YES;
				CLANG_WARN_NON_LITERAL_NULL_CONVERSION = YES;
				CLANG_WARN_OBJC_IMPLICIT_RETAIN_SELF = YES;
				CLANG_WARN_OBJC_LITERAL_CONVERSION = YES;
				CLANG_WARN_OBJC_ROOT_CLASS = YES_ERROR;
				CLANG_WARN_QUOTED_INCLUDE_IN_FRAMEWORK_HEADER = YES;
				CLANG_WARN_RANGE_LOOP_ANALYSIS = YES;
				CLANG_WARN_STRICT_PROTOTYPES = YES;
				CLANG_WARN_SUSPICIOUS_MOVE = YES;
				CLANG_WARN_UNGUARDED_AVAILABILITY = YES_AGGRESSIVE;
				CLANG_WARN_UNREACHABLE_CODE = YES;
				CLANG_WARN__DUPLICATE_METHOD_MATCH = YES;
				COPY_PHASE_STRIP = NO;
				DEBUG_INFORMATION_FORMAT = dwarf;
				ENABLE_STRICT_OBJC_MSGSEND = YES;
				ENABLE_TESTABILITY = YES;
				GCC_C_LANGUAGE_STANDARD = gnu11;
				GCC_DYNAMIC_NO_PIC = NO;
				GCC_NO_COMMON_BLOCKS = YES;
				GCC_OPTIMIZATION_LEVEL = 0;
				GCC_PREPROCESSOR_DEFINITIONS = (
					"DEBUG=1",
					"$(inherited)",
				);
				GCC_WARN_64_TO_32_BIT_CONVERSION = YES;
				GCC_WARN_ABOUT_RETURN_TYPE = YES_ERROR;
				GCC_WARN_UNDECLARED_SELECTOR = YES;
				GCC_WARN_UNINITIALIZED_AUTOS = YES_AGGRESSIVE;
				GCC_WARN_UNUSED_FUNCTION = YES;
				GCC_WARN_UNUSED_VARIABLE = YES;
				MTL_ENABLE_DEBUG_INFO = INCLUDE_SOURCE;
				MTL_FAST_MATH = YES;
				ONLY_ACTIVE_ARCH = YES;
				SWIFT_ACTIVE_COMPILATION_CONDITIONS = DEBUG;
				SWIFT_OPTIMIZATION_LEVEL = "-Onone";
			};
			name = Debug;
		};
		210E668D29CDEB42005219F1 /* Release */ = {
			isa = XCBuildConfiguration;
			buildSettings = {
				ALWAYS_SEARCH_USER_PATHS = NO;
				CLANG_ANALYZER_NONNULL = YES;
				CLANG_ANALYZER_NUMBER_OBJECT_CONVERSION = YES_AGGRESSIVE;
				CLANG_CXX_LANGUAGE_STANDARD = "gnu++20";
				CLANG_ENABLE_MODULES = YES;
				CLANG_ENABLE_OBJC_ARC = YES;
				CLANG_ENABLE_OBJC_WEAK = YES;
				CLANG_WARN_BLOCK_CAPTURE_AUTORELEASING = YES;
				CLANG_WARN_BOOL_CONVERSION = YES;
				CLANG_WARN_COMMA = YES;
				CLANG_WARN_CONSTANT_CONVERSION = YES;
				CLANG_WARN_DEPRECATED_OBJC_IMPLEMENTATIONS = YES;
				CLANG_WARN_DIRECT_OBJC_ISA_USAGE = YES_ERROR;
				CLANG_WARN_DOCUMENTATION_COMMENTS = YES;
				CLANG_WARN_EMPTY_BODY = YES;
				CLANG_WARN_ENUM_CONVERSION = YES;
				CLANG_WARN_INFINITE_RECURSION = YES;
				CLANG_WARN_INT_CONVERSION = YES;
				CLANG_WARN_NON_LITERAL_NULL_CONVERSION = YES;
				CLANG_WARN_OBJC_IMPLICIT_RETAIN_SELF = YES;
				CLANG_WARN_OBJC_LITERAL_CONVERSION = YES;
				CLANG_WARN_OBJC_ROOT_CLASS = YES_ERROR;
				CLANG_WARN_QUOTED_INCLUDE_IN_FRAMEWORK_HEADER = YES;
				CLANG_WARN_RANGE_LOOP_ANALYSIS = YES;
				CLANG_WARN_STRICT_PROTOTYPES = YES;
				CLANG_WARN_SUSPICIOUS_MOVE = YES;
				CLANG_WARN_UNGUARDED_AVAILABILITY = YES_AGGRESSIVE;
				CLANG_WARN_UNREACHABLE_CODE = YES;
				CLANG_WARN__DUPLICATE_METHOD_MATCH = YES;
				COPY_PHASE_STRIP = NO;
				DEBUG_INFORMATION_FORMAT = "dwarf-with-dsym";
				ENABLE_NS_ASSERTIONS = NO;
				ENABLE_STRICT_OBJC_MSGSEND = YES;
				GCC_C_LANGUAGE_STANDARD = gnu11;
				GCC_NO_COMMON_BLOCKS = YES;
				GCC_WARN_64_TO_32_BIT_CONVERSION = YES;
				GCC_WARN_ABOUT_RETURN_TYPE = YES_ERROR;
				GCC_WARN_UNDECLARED_SELECTOR = YES;
				GCC_WARN_UNINITIALIZED_AUTOS = YES_AGGRESSIVE;
				GCC_WARN_UNUSED_FUNCTION = YES;
				GCC_WARN_UNUSED_VARIABLE = YES;
				MTL_ENABLE_DEBUG_INFO = NO;
				MTL_FAST_MATH = YES;
				SWIFT_COMPILATION_MODE = wholemodule;
				SWIFT_OPTIMIZATION_LEVEL = "-O";
			};
			name = Release;
		};
		210E668F29CDEB42005219F1 /* Debug */ = {
			isa = XCBuildConfiguration;
			buildSettings = {
				ASSETCATALOG_COMPILER_APPICON_NAME = AppIcon;
				ASSETCATALOG_COMPILER_GLOBAL_ACCENT_COLOR_NAME = AccentColor;
				CODE_SIGN_ENTITLEMENTS = "AI-API-Explorer/AI_API_Explorer.entitlements";
				CODE_SIGN_STYLE = Automatic;
				CURRENT_PROJECT_VERSION = 1;
				DEVELOPMENT_ASSET_PATHS = "\"AI-API-Explorer/Preview Content\"";
				DEVELOPMENT_TEAM = LL2KGA689L;
				ENABLE_PREVIEWS = YES;
				GENERATE_INFOPLIST_FILE = YES;
				"INFOPLIST_KEY_UIApplicationSceneManifest_Generation[sdk=iphoneos*]" = YES;
				"INFOPLIST_KEY_UIApplicationSceneManifest_Generation[sdk=iphonesimulator*]" = YES;
				"INFOPLIST_KEY_UIApplicationSupportsIndirectInputEvents[sdk=iphoneos*]" = YES;
				"INFOPLIST_KEY_UIApplicationSupportsIndirectInputEvents[sdk=iphonesimulator*]" = YES;
				"INFOPLIST_KEY_UILaunchScreen_Generation[sdk=iphoneos*]" = YES;
				"INFOPLIST_KEY_UILaunchScreen_Generation[sdk=iphonesimulator*]" = YES;
				"INFOPLIST_KEY_UIStatusBarStyle[sdk=iphoneos*]" = UIStatusBarStyleDefault;
				"INFOPLIST_KEY_UIStatusBarStyle[sdk=iphonesimulator*]" = UIStatusBarStyleDefault;
				INFOPLIST_KEY_UISupportedInterfaceOrientations_iPad = "UIInterfaceOrientationPortrait UIInterfaceOrientationPortraitUpsideDown UIInterfaceOrientationLandscapeLeft UIInterfaceOrientationLandscapeRight";
				INFOPLIST_KEY_UISupportedInterfaceOrientations_iPhone = "UIInterfaceOrientationPortrait UIInterfaceOrientationLandscapeLeft UIInterfaceOrientationLandscapeRight";
				IPHONEOS_DEPLOYMENT_TARGET = 16.2;
				LD_RUNPATH_SEARCH_PATHS = "@executable_path/Frameworks";
				"LD_RUNPATH_SEARCH_PATHS[sdk=macosx*]" = "@executable_path/../Frameworks";
				MACOSX_DEPLOYMENT_TARGET = 12.6;
				MARKETING_VERSION = 1.0;
				PRODUCT_BUNDLE_IDENTIFIER = "com.ganguly.AI-API-Explorer";
				PRODUCT_NAME = "$(TARGET_NAME)";
				SDKROOT = auto;
				SUPPORTED_PLATFORMS = "iphoneos iphonesimulator macosx";
				SWIFT_EMIT_LOC_STRINGS = YES;
				SWIFT_VERSION = 5.0;
				TARGETED_DEVICE_FAMILY = "1,2";
			};
			name = Debug;
		};
		210E669029CDEB42005219F1 /* Release */ = {
			isa = XCBuildConfiguration;
			buildSettings = {
				ASSETCATALOG_COMPILER_APPICON_NAME = AppIcon;
				ASSETCATALOG_COMPILER_GLOBAL_ACCENT_COLOR_NAME = AccentColor;
				CODE_SIGN_ENTITLEMENTS = "AI-API-Explorer/AI_API_Explorer.entitlements";
				CODE_SIGN_STYLE = Automatic;
				CURRENT_PROJECT_VERSION = 1;
				DEVELOPMENT_ASSET_PATHS = "\"AI-API-Explorer/Preview Content\"";
				DEVELOPMENT_TEAM = LL2KGA689L;
				ENABLE_PREVIEWS = YES;
				GENERATE_INFOPLIST_FILE = YES;
				"INFOPLIST_KEY_UIApplicationSceneManifest_Generation[sdk=iphoneos*]" = YES;
				"INFOPLIST_KEY_UIApplicationSceneManifest_Generation[sdk=iphonesimulator*]" = YES;
				"INFOPLIST_KEY_UIApplicationSupportsIndirectInputEvents[sdk=iphoneos*]" = YES;
				"INFOPLIST_KEY_UIApplicationSupportsIndirectInputEvents[sdk=iphonesimulator*]" = YES;
				"INFOPLIST_KEY_UILaunchScreen_Generation[sdk=iphoneos*]" = YES;
				"INFOPLIST_KEY_UILaunchScreen_Generation[sdk=iphonesimulator*]" = YES;
				"INFOPLIST_KEY_UIStatusBarStyle[sdk=iphoneos*]" = UIStatusBarStyleDefault;
				"INFOPLIST_KEY_UIStatusBarStyle[sdk=iphonesimulator*]" = UIStatusBarStyleDefault;
				INFOPLIST_KEY_UISupportedInterfaceOrientations_iPad = "UIInterfaceOrientationPortrait UIInterfaceOrientationPortraitUpsideDown UIInterfaceOrientationLandscapeLeft UIInterfaceOrientationLandscapeRight";
				INFOPLIST_KEY_UISupportedInterfaceOrientations_iPhone = "UIInterfaceOrientationPortrait UIInterfaceOrientationLandscapeLeft UIInterfaceOrientationLandscapeRight";
				IPHONEOS_DEPLOYMENT_TARGET = 16.2;
				LD_RUNPATH_SEARCH_PATHS = "@executable_path/Frameworks";
				"LD_RUNPATH_SEARCH_PATHS[sdk=macosx*]" = "@executable_path/../Frameworks";
				MACOSX_DEPLOYMENT_TARGET = 12.6;
				MARKETING_VERSION = 1.0;
				PRODUCT_BUNDLE_IDENTIFIER = "com.ganguly.AI-API-Explorer";
				PRODUCT_NAME = "$(TARGET_NAME)";
				SDKROOT = auto;
				SUPPORTED_PLATFORMS = "iphoneos iphonesimulator macosx";
				SWIFT_EMIT_LOC_STRINGS = YES;
				SWIFT_VERSION = 5.0;
				TARGETED_DEVICE_FAMILY = "1,2";
			};
			name = Release;
		};
		210E669229CDEB42005219F1 /* Debug */ = {
			isa = XCBuildConfiguration;
			buildSettings = {
				ALWAYS_EMBED_SWIFT_STANDARD_LIBRARIES = YES;
				BUNDLE_LOADER = "$(TEST_HOST)";
				CODE_SIGN_STYLE = Automatic;
				CURRENT_PROJECT_VERSION = 1;
				GENERATE_INFOPLIST_FILE = YES;
				IPHONEOS_DEPLOYMENT_TARGET = 16.2;
				MACOSX_DEPLOYMENT_TARGET = 12.6;
				MARKETING_VERSION = 1.0;
				PRODUCT_BUNDLE_IDENTIFIER = "com.ganguly.AI-API-ExplorerTests";
				PRODUCT_NAME = "$(TARGET_NAME)";
				SDKROOT = auto;
				SUPPORTED_PLATFORMS = "iphoneos iphonesimulator macosx";
				SWIFT_EMIT_LOC_STRINGS = NO;
				SWIFT_VERSION = 5.0;
				TARGETED_DEVICE_FAMILY = "1,2";
				TEST_HOST = "$(BUILT_PRODUCTS_DIR)/AI-API-Explorer.app/$(BUNDLE_EXECUTABLE_FOLDER_PATH)/AI-API-Explorer";
			};
			name = Debug;
		};
		210E669329CDEB42005219F1 /* Release */ = {
			isa = XCBuildConfiguration;
			buildSettings = {
				ALWAYS_EMBED_SWIFT_STANDARD_LIBRARIES = YES;
				BUNDLE_LOADER = "$(TEST_HOST)";
				CODE_SIGN_STYLE = Automatic;
				CURRENT_PROJECT_VERSION = 1;
				GENERATE_INFOPLIST_FILE = YES;
				IPHONEOS_DEPLOYMENT_TARGET = 16.2;
				MACOSX_DEPLOYMENT_TARGET = 12.6;
				MARKETING_VERSION = 1.0;
				PRODUCT_BUNDLE_IDENTIFIER = "com.ganguly.AI-API-ExplorerTests";
				PRODUCT_NAME = "$(TARGET_NAME)";
				SDKROOT = auto;
				SUPPORTED_PLATFORMS = "iphoneos iphonesimulator macosx";
				SWIFT_EMIT_LOC_STRINGS = NO;
				SWIFT_VERSION = 5.0;
				TARGETED_DEVICE_FAMILY = "1,2";
				TEST_HOST = "$(BUILT_PRODUCTS_DIR)/AI-API-Explorer.app/$(BUNDLE_EXECUTABLE_FOLDER_PATH)/AI-API-Explorer";
			};
			name = Release;
		};
		210E669529CDEB42005219F1 /* Debug */ = {
			isa = XCBuildConfiguration;
			buildSettings = {
				ALWAYS_EMBED_SWIFT_STANDARD_LIBRARIES = YES;
				CODE_SIGN_STYLE = Automatic;
				CURRENT_PROJECT_VERSION = 1;
				GENERATE_INFOPLIST_FILE = YES;
				IPHONEOS_DEPLOYMENT_TARGET = 16.2;
				MACOSX_DEPLOYMENT_TARGET = 12.6;
				MARKETING_VERSION = 1.0;
				PRODUCT_BUNDLE_IDENTIFIER = "com.ganguly.AI-API-ExplorerUITests";
				PRODUCT_NAME = "$(TARGET_NAME)";
				SDKROOT = auto;
				SUPPORTED_PLATFORMS = "iphoneos iphonesimulator macosx";
				SWIFT_EMIT_LOC_STRINGS = NO;
				SWIFT_VERSION = 5.0;
				TARGETED_DEVICE_FAMILY = "1,2";
				TEST_TARGET_NAME = "AI-API-Explorer";
			};
			name = Debug;
		};
		210E669629CDEB42005219F1 /* Release */ = {
			isa = XCBuildConfiguration;
			buildSettings = {
				ALWAYS_EMBED_SWIFT_STANDARD_LIBRARIES = YES;
				CODE_SIGN_STYLE = Automatic;
				CURRENT_PROJECT_VERSION = 1;
				GENERATE_INFOPLIST_FILE = YES;
				IPHONEOS_DEPLOYMENT_TARGET = 16.2;
				MACOSX_DEPLOYMENT_TARGET = 12.6;
				MARKETING_VERSION = 1.0;
				PRODUCT_BUNDLE_IDENTIFIER = "com.ganguly.AI-API-ExplorerUITests";
				PRODUCT_NAME = "$(TARGET_NAME)";
				SDKROOT = auto;
				SUPPORTED_PLATFORMS = "iphoneos iphonesimulator macosx";
				SWIFT_EMIT_LOC_STRINGS = NO;
				SWIFT_VERSION = 5.0;
				TARGETED_DEVICE_FAMILY = "1,2";
				TEST_TARGET_NAME = "AI-API-Explorer";
			};
			name = Release;
		};
/* End XCBuildConfiguration section */

/* Begin XCConfigurationList section */
		210E666429CDEB41005219F1 /* Build configuration list for PBXProject "AI-API-Explorer" */ = {
			isa = XCConfigurationList;
			buildConfigurations = (
				210E668C29CDEB42005219F1 /* Debug */,
				210E668D29CDEB42005219F1 /* Release */,
			);
			defaultConfigurationIsVisible = 0;
			defaultConfigurationName = Release;
		};
		210E668E29CDEB42005219F1 /* Build configuration list for PBXNativeTarget "AI-API-Explorer" */ = {
			isa = XCConfigurationList;
			buildConfigurations = (
				210E668F29CDEB42005219F1 /* Debug */,
				210E669029CDEB42005219F1 /* Release */,
			);
			defaultConfigurationIsVisible = 0;
			defaultConfigurationName = Release;
		};
		210E669129CDEB42005219F1 /* Build configuration list for PBXNativeTarget "AI-API-ExplorerTests" */ = {
			isa = XCConfigurationList;
			buildConfigurations = (
				210E669229CDEB42005219F1 /* Debug */,
				210E669329CDEB42005219F1 /* Release */,
			);
			defaultConfigurationIsVisible = 0;
			defaultConfigurationName = Release;
		};
		210E669429CDEB42005219F1 /* Build configuration list for PBXNativeTarget "AI-API-ExplorerUITests" */ = {
			isa = XCConfigurationList;
			buildConfigurations = (
				210E669529CDEB42005219F1 /* Debug */,
				210E669629CDEB42005219F1 /* Release */,
			);
			defaultConfigurationIsVisible = 0;
			defaultConfigurationName = Release;
		};
/* End XCConfigurationList section */
	};
	rootObject = 210E666129CDEB41005219F1 /* Project object */;
}
